// !$*UTF8*$!
{
	archiveVersion = 1;
	classes = {
	};
	objectVersion = 50;
	objects = {

/* Begin PBXBuildFile section */
		87C76872258BEE2E00B96333 /* AppDelegate.swift in Sources */ = {isa = PBXBuildFile; fileRef = 87C76871258BEE2E00B96333 /* AppDelegate.swift */; };
		87C76874258BEE2E00B96333 /* SceneDelegate.swift in Sources */ = {isa = PBXBuildFile; fileRef = 87C76873258BEE2E00B96333 /* SceneDelegate.swift */; };
		87C76876258BEE2E00B96333 /* ViewController.swift in Sources */ = {isa = PBXBuildFile; fileRef = 87C76875258BEE2E00B96333 /* ViewController.swift */; };
		87C76879258BEE2E00B96333 /* Main.storyboard in Resources */ = {isa = PBXBuildFile; fileRef = 87C76877258BEE2E00B96333 /* Main.storyboard */; };
		87C7687B258BEE3400B96333 /* Assets.xcassets in Resources */ = {isa = PBXBuildFile; fileRef = 87C7687A258BEE3400B96333 /* Assets.xcassets */; };
		87C7687E258BEE3400B96333 /* LaunchScreen.storyboard in Resources */ = {isa = PBXBuildFile; fileRef = 87C7687C258BEE3400B96333 /* LaunchScreen.storyboard */; };
		87C76889258BEE3400B96333 /* RocketTests.swift in Sources */ = {isa = PBXBuildFile; fileRef = 87C76888258BEE3400B96333 /* RocketTests.swift */; };
		87C76894258BEE3500B96333 /* RocketUITests.swift in Sources */ = {isa = PBXBuildFile; fileRef = 87C76893258BEE3500B96333 /* RocketUITests.swift */; };
/* End PBXBuildFile section */

/* Begin PBXContainerItemProxy section */
		87C76885258BEE3400B96333 /* PBXContainerItemProxy */ = {
			isa = PBXContainerItemProxy;
			containerPortal = 87C76866258BEE2E00B96333 /* Project object */;
			proxyType = 1;
			remoteGlobalIDString = 87C7686D258BEE2E00B96333;
			remoteInfo = Rocket;
		};
		87C76890258BEE3500B96333 /* PBXContainerItemProxy */ = {
			isa = PBXContainerItemProxy;
			containerPortal = 87C76866258BEE2E00B96333 /* Project object */;
			proxyType = 1;
			remoteGlobalIDString = 87C7686D258BEE2E00B96333;
			remoteInfo = Rocket;
		};
/* End PBXContainerItemProxy section */

/* Begin PBXFileReference section */
		87C7686E258BEE2E00B96333 /* Rocket.app */ = {isa = PBXFileReference; explicitFileType = wrapper.application; includeInIndex = 0; path = Rocket.app; sourceTree = BUILT_PRODUCTS_DIR; };
		87C76871258BEE2E00B96333 /* AppDelegate.swift */ = {isa = PBXFileReference; lastKnownFileType = sourcecode.swift; path = AppDelegate.swift; sourceTree = "<group>"; };
		87C76873258BEE2E00B96333 /* SceneDelegate.swift */ = {isa = PBXFileReference; lastKnownFileType = sourcecode.swift; path = SceneDelegate.swift; sourceTree = "<group>"; };
		87C76875258BEE2E00B96333 /* ViewController.swift */ = {isa = PBXFileReference; lastKnownFileType = sourcecode.swift; path = ViewController.swift; sourceTree = "<group>"; };
		87C76878258BEE2E00B96333 /* Base */ = {isa = PBXFileReference; lastKnownFileType = file.storyboard; name = Base; path = Base.lproj/Main.storyboard; sourceTree = "<group>"; };
		87C7687A258BEE3400B96333 /* Assets.xcassets */ = {isa = PBXFileReference; lastKnownFileType = folder.assetcatalog; path = Assets.xcassets; sourceTree = "<group>"; };
		87C7687D258BEE3400B96333 /* Base */ = {isa = PBXFileReference; lastKnownFileType = file.storyboard; name = Base; path = Base.lproj/LaunchScreen.storyboard; sourceTree = "<group>"; };
		87C7687F258BEE3400B96333 /* Info.plist */ = {isa = PBXFileReference; lastKnownFileType = text.plist.xml; path = Info.plist; sourceTree = "<group>"; };
		87C76884258BEE3400B96333 /* RocketTests.xctest */ = {isa = PBXFileReference; explicitFileType = wrapper.cfbundle; includeInIndex = 0; path = RocketTests.xctest; sourceTree = BUILT_PRODUCTS_DIR; };
		87C76888258BEE3400B96333 /* RocketTests.swift */ = {isa = PBXFileReference; lastKnownFileType = sourcecode.swift; path = RocketTests.swift; sourceTree = "<group>"; };
		87C7688A258BEE3400B96333 /* Info.plist */ = {isa = PBXFileReference; lastKnownFileType = text.plist.xml; path = Info.plist; sourceTree = "<group>"; };
		87C7688F258BEE3500B96333 /* RocketUITests.xctest */ = {isa = PBXFileReference; explicitFileType = wrapper.cfbundle; includeInIndex = 0; path = RocketUITests.xctest; sourceTree = BUILT_PRODUCTS_DIR; };
		87C76893258BEE3500B96333 /* RocketUITests.swift */ = {isa = PBXFileReference; lastKnownFileType = sourcecode.swift; path = RocketUITests.swift; sourceTree = "<group>"; };
		87C76895258BEE3500B96333 /* Info.plist */ = {isa = PBXFileReference; lastKnownFileType = text.plist.xml; path = Info.plist; sourceTree = "<group>"; };
/* End PBXFileReference section */

/* Begin PBXFrameworksBuildPhase section */
		87C7686B258BEE2E00B96333 /* Frameworks */ = {
			isa = PBXFrameworksBuildPhase;
			buildActionMask = 2147483647;
			files = (
			);
			runOnlyForDeploymentPostprocessing = 0;
		};
		87C76881258BEE3400B96333 /* Frameworks */ = {
			isa = PBXFrameworksBuildPhase;
			buildActionMask = 2147483647;
			files = (
			);
			runOnlyForDeploymentPostprocessing = 0;
		};
		87C7688C258BEE3500B96333 /* Frameworks */ = {
			isa = PBXFrameworksBuildPhase;
			buildActionMask = 2147483647;
			files = (
			);
			runOnlyForDeploymentPostprocessing = 0;
		};
/* End PBXFrameworksBuildPhase section */

/* Begin PBXGroup section */
		87C76865258BEE2E00B96333 = {
			isa = PBXGroup;
			children = (
				87C76870258BEE2E00B96333 /* Rocket */,
				87C76887258BEE3400B96333 /* RocketTests */,
				87C76892258BEE3500B96333 /* RocketUITests */,
				87C7686F258BEE2E00B96333 /* Products */,
			);
			sourceTree = "<group>";
		};
		87C7686F258BEE2E00B96333 /* Products */ = {
			isa = PBXGroup;
			children = (
				87C7686E258BEE2E00B96333 /* Rocket.app */,
				87C76884258BEE3400B96333 /* RocketTests.xctest */,
				87C7688F258BEE3500B96333 /* RocketUITests.xctest */,
			);
			name = Products;
			sourceTree = "<group>";
		};
		87C76870258BEE2E00B96333 /* Rocket */ = {
			isa = PBXGroup;
			children = (
				87C76871258BEE2E00B96333 /* AppDelegate.swift */,
				87C76873258BEE2E00B96333 /* SceneDelegate.swift */,
				87C76875258BEE2E00B96333 /* ViewController.swift */,
				87C76877258BEE2E00B96333 /* Main.storyboard */,
				87C7687A258BEE3400B96333 /* Assets.xcassets */,
				87C7687C258BEE3400B96333 /* LaunchScreen.storyboard */,
				87C7687F258BEE3400B96333 /* Info.plist */,
			);
			path = Rocket;
			sourceTree = "<group>";
		};
		87C76887258BEE3400B96333 /* RocketTests */ = {
			isa = PBXGroup;
			children = (
				87C76888258BEE3400B96333 /* RocketTests.swift */,
				87C7688A258BEE3400B96333 /* Info.plist */,
			);
			path = RocketTests;
			sourceTree = "<group>";
		};
		87C76892258BEE3500B96333 /* RocketUITests */ = {
			isa = PBXGroup;
			children = (
				87C76893258BEE3500B96333 /* RocketUITests.swift */,
				87C76895258BEE3500B96333 /* Info.plist */,
			);
			path = RocketUITests;
			sourceTree = "<group>";
		};
/* End PBXGroup section */

/* Begin PBXNativeTarget section */
		87C7686D258BEE2E00B96333 /* Rocket */ = {
			isa = PBXNativeTarget;
			buildConfigurationList = 87C76898258BEE3500B96333 /* Build configuration list for PBXNativeTarget "Rocket" */;
			buildPhases = (
				87C7686A258BEE2E00B96333 /* Sources */,
				87C7686B258BEE2E00B96333 /* Frameworks */,
				87C7686C258BEE2E00B96333 /* Resources */,
			);
			buildRules = (
			);
			dependencies = (
			);
			name = Rocket;
			productName = Rocket;
			productReference = 87C7686E258BEE2E00B96333 /* Rocket.app */;
			productType = "com.apple.product-type.application";
		};
		87C76883258BEE3400B96333 /* RocketTests */ = {
			isa = PBXNativeTarget;
			buildConfigurationList = 87C7689B258BEE3500B96333 /* Build configuration list for PBXNativeTarget "RocketTests" */;
			buildPhases = (
				87C76880258BEE3400B96333 /* Sources */,
				87C76881258BEE3400B96333 /* Frameworks */,
				87C76882258BEE3400B96333 /* Resources */,
			);
			buildRules = (
			);
			dependencies = (
				87C76886258BEE3400B96333 /* PBXTargetDependency */,
			);
			name = RocketTests;
			productName = RocketTests;
			productReference = 87C76884258BEE3400B96333 /* RocketTests.xctest */;
			productType = "com.apple.product-type.bundle.unit-test";
		};
		87C7688E258BEE3500B96333 /* RocketUITests */ = {
			isa = PBXNativeTarget;
			buildConfigurationList = 87C7689E258BEE3500B96333 /* Build configuration list for PBXNativeTarget "RocketUITests" */;
			buildPhases = (
				87C7688B258BEE3500B96333 /* Sources */,
				87C7688C258BEE3500B96333 /* Frameworks */,
				87C7688D258BEE3500B96333 /* Resources */,
			);
			buildRules = (
			);
			dependencies = (
				87C76891258BEE3500B96333 /* PBXTargetDependency */,
			);
			name = RocketUITests;
			productName = RocketUITests;
			productReference = 87C7688F258BEE3500B96333 /* RocketUITests.xctest */;
			productType = "com.apple.product-type.bundle.ui-testing";
		};
/* End PBXNativeTarget section */

/* Begin PBXProject section */
		87C76866258BEE2E00B96333 /* Project object */ = {
			isa = PBXProject;
			attributes = {
				LastSwiftUpdateCheck = 1230;
				LastUpgradeCheck = 1230;
				TargetAttributes = {
					87C7686D258BEE2E00B96333 = {
						CreatedOnToolsVersion = 12.3;
					};
					87C76883258BEE3400B96333 = {
						CreatedOnToolsVersion = 12.3;
						TestTargetID = 87C7686D258BEE2E00B96333;
					};
					87C7688E258BEE3500B96333 = {
						CreatedOnToolsVersion = 12.3;
						TestTargetID = 87C7686D258BEE2E00B96333;
					};
				};
			};
			buildConfigurationList = 87C76869258BEE2E00B96333 /* Build configuration list for PBXProject "Rocket" */;
			compatibilityVersion = "Xcode 9.3";
			developmentRegion = en;
			hasScannedForEncodings = 0;
			knownRegions = (
				en,
				Base,
			);
			mainGroup = 87C76865258BEE2E00B96333;
			productRefGroup = 87C7686F258BEE2E00B96333 /* Products */;
			projectDirPath = "";
			projectRoot = "";
			targets = (
				87C7686D258BEE2E00B96333 /* Rocket */,
				87C76883258BEE3400B96333 /* RocketTests */,
				87C7688E258BEE3500B96333 /* RocketUITests */,
			);
		};
/* End PBXProject section */

/* Begin PBXResourcesBuildPhase section */
		87C7686C258BEE2E00B96333 /* Resources */ = {
			isa = PBXResourcesBuildPhase;
			buildActionMask = 2147483647;
			files = (
				87C7687E258BEE3400B96333 /* LaunchScreen.storyboard in Resources */,
				87C7687B258BEE3400B96333 /* Assets.xcassets in Resources */,
				87C76879258BEE2E00B96333 /* Main.storyboard in Resources */,
			);
			runOnlyForDeploymentPostprocessing = 0;
		};
		87C76882258BEE3400B96333 /* Resources */ = {
			isa = PBXResourcesBuildPhase;
			buildActionMask = 2147483647;
			files = (
			);
			runOnlyForDeploymentPostprocessing = 0;
		};
		87C7688D258BEE3500B96333 /* Resources */ = {
			isa = PBXResourcesBuildPhase;
			buildActionMask = 2147483647;
			files = (
			);
			runOnlyForDeploymentPostprocessing = 0;
		};
/* End PBXResourcesBuildPhase section */

/* Begin PBXSourcesBuildPhase section */
		87C7686A258BEE2E00B96333 /* Sources */ = {
			isa = PBXSourcesBuildPhase;
			buildActionMask = 2147483647;
			files = (
				87C76876258BEE2E00B96333 /* ViewController.swift in Sources */,
				87C76872258BEE2E00B96333 /* AppDelegate.swift in Sources */,
				87C76874258BEE2E00B96333 /* SceneDelegate.swift in Sources */,
			);
			runOnlyForDeploymentPostprocessing = 0;
		};
		87C76880258BEE3400B96333 /* Sources */ = {
			isa = PBXSourcesBuildPhase;
			buildActionMask = 2147483647;
			files = (
				87C76889258BEE3400B96333 /* RocketTests.swift in Sources */,
			);
			runOnlyForDeploymentPostprocessing = 0;
		};
		87C7688B258BEE3500B96333 /* Sources */ = {
			isa = PBXSourcesBuildPhase;
			buildActionMask = 2147483647;
			files = (
				87C76894258BEE3500B96333 /* RocketUITests.swift in Sources */,
			);
			runOnlyForDeploymentPostprocessing = 0;
		};
/* End PBXSourcesBuildPhase section */

/* Begin PBXTargetDependency section */
		87C76886258BEE3400B96333 /* PBXTargetDependency */ = {
			isa = PBXTargetDependency;
			target = 87C7686D258BEE2E00B96333 /* Rocket */;
			targetProxy = 87C76885258BEE3400B96333 /* PBXContainerItemProxy */;
		};
		87C76891258BEE3500B96333 /* PBXTargetDependency */ = {
			isa = PBXTargetDependency;
			target = 87C7686D258BEE2E00B96333 /* Rocket */;
			targetProxy = 87C76890258BEE3500B96333 /* PBXContainerItemProxy */;
		};
/* End PBXTargetDependency section */

/* Begin PBXVariantGroup section */
		87C76877258BEE2E00B96333 /* Main.storyboard */ = {
			isa = PBXVariantGroup;
			children = (
				87C76878258BEE2E00B96333 /* Base */,
			);
			name = Main.storyboard;
			sourceTree = "<group>";
		};
		87C7687C258BEE3400B96333 /* LaunchScreen.storyboard */ = {
			isa = PBXVariantGroup;
			children = (
				87C7687D258BEE3400B96333 /* Base */,
			);
			name = LaunchScreen.storyboard;
			sourceTree = "<group>";
		};
/* End PBXVariantGroup section */

/* Begin XCBuildConfiguration section */
		87C76896258BEE3500B96333 /* Debug */ = {
			isa = XCBuildConfiguration;
			buildSettings = {
				ALWAYS_SEARCH_USER_PATHS = NO;
				CLANG_ANALYZER_NONNULL = YES;
				CLANG_ANALYZER_NUMBER_OBJECT_CONVERSION = YES_AGGRESSIVE;
				CLANG_CXX_LANGUAGE_STANDARD = "gnu++14";
				CLANG_CXX_LIBRARY = "libc++";
				CLANG_ENABLE_MODULES = YES;
				CLANG_ENABLE_OBJC_ARC = YES;
				CLANG_ENABLE_OBJC_WEAK = YES;
				CLANG_WARN_BLOCK_CAPTURE_AUTORELEASING = YES;
				CLANG_WARN_BOOL_CONVERSION = YES;
				CLANG_WARN_COMMA = YES;
				CLANG_WARN_CONSTANT_CONVERSION = YES;
				CLANG_WARN_DEPRECATED_OBJC_IMPLEMENTATIONS = YES;
				CLANG_WARN_DIRECT_OBJC_ISA_USAGE = YES_ERROR;
				CLANG_WARN_DOCUMENTATION_COMMENTS = YES;
				CLANG_WARN_EMPTY_BODY = YES;
				CLANG_WARN_ENUM_CONVERSION = YES;
				CLANG_WARN_INFINITE_RECURSION = YES;
				CLANG_WARN_INT_CONVERSION = YES;
				CLANG_WARN_NON_LITERAL_NULL_CONVERSION = YES;
				CLANG_WARN_OBJC_IMPLICIT_RETAIN_SELF = YES;
				CLANG_WARN_OBJC_LITERAL_CONVERSION = YES;
				CLANG_WARN_OBJC_ROOT_CLASS = YES_ERROR;
				CLANG_WARN_QUOTED_INCLUDE_IN_FRAMEWORK_HEADER = YES;
				CLANG_WARN_RANGE_LOOP_ANALYSIS = YES;
				CLANG_WARN_STRICT_PROTOTYPES = YES;
				CLANG_WARN_SUSPICIOUS_MOVE = YES;
				CLANG_WARN_UNGUARDED_AVAILABILITY = YES_AGGRESSIVE;
				CLANG_WARN_UNREACHABLE_CODE = YES;
				CLANG_WARN__DUPLICATE_METHOD_MATCH = YES;
				COPY_PHASE_STRIP = NO;
				DEBUG_INFORMATION_FORMAT = dwarf;
				ENABLE_STRICT_OBJC_MSGSEND = YES;
				ENABLE_TESTABILITY = YES;
				GCC_C_LANGUAGE_STANDARD = gnu11;
				GCC_DYNAMIC_NO_PIC = NO;
				GCC_NO_COMMON_BLOCKS = YES;
				GCC_OPTIMIZATION_LEVEL = 0;
				GCC_PREPROCESSOR_DEFINITIONS = (
					"DEBUG=1",
					"$(inherited)",
				);
				GCC_WARN_64_TO_32_BIT_CONVERSION = YES;
				GCC_WARN_ABOUT_RETURN_TYPE = YES_ERROR;
				GCC_WARN_UNDECLARED_SELECTOR = YES;
				GCC_WARN_UNINITIALIZED_AUTOS = YES_AGGRESSIVE;
				GCC_WARN_UNUSED_FUNCTION = YES;
				GCC_WARN_UNUSED_VARIABLE = YES;
				IPHONEOS_DEPLOYMENT_TARGET = 14.3;
				MTL_ENABLE_DEBUG_INFO = INCLUDE_SOURCE;
				MTL_FAST_MATH = YES;
				ONLY_ACTIVE_ARCH = YES;
				SDKROOT = iphoneos;
				SWIFT_ACTIVE_COMPILATION_CONDITIONS = DEBUG;
				SWIFT_OPTIMIZATION_LEVEL = "-Onone";
			};
			name = Debug;
		};
		87C76897258BEE3500B96333 /* Release */ = {
			isa = XCBuildConfiguration;
			buildSettings = {
				ALWAYS_SEARCH_USER_PATHS = NO;
				CLANG_ANALYZER_NONNULL = YES;
				CLANG_ANALYZER_NUMBER_OBJECT_CONVERSION = YES_AGGRESSIVE;
				CLANG_CXX_LANGUAGE_STANDARD = "gnu++14";
				CLANG_CXX_LIBRARY = "libc++";
				CLANG_ENABLE_MODULES = YES;
				CLANG_ENABLE_OBJC_ARC = YES;
				CLANG_ENABLE_OBJC_WEAK = YES;
				CLANG_WARN_BLOCK_CAPTURE_AUTORELEASING = YES;
				CLANG_WARN_BOOL_CONVERSION = YES;
				CLANG_WARN_COMMA = YES;
				CLANG_WARN_CONSTANT_CONVERSION = YES;
				CLANG_WARN_DEPRECATED_OBJC_IMPLEMENTATIONS = YES;
				CLANG_WARN_DIRECT_OBJC_ISA_USAGE = YES_ERROR;
				CLANG_WARN_DOCUMENTATION_COMMENTS = YES;
				CLANG_WARN_EMPTY_BODY = YES;
				CLANG_WARN_ENUM_CONVERSION = YES;
				CLANG_WARN_INFINITE_RECURSION = YES;
				CLANG_WARN_INT_CONVERSION = YES;
				CLANG_WARN_NON_LITERAL_NULL_CONVERSION = YES;
				CLANG_WARN_OBJC_IMPLICIT_RETAIN_SELF = YES;
				CLANG_WARN_OBJC_LITERAL_CONVERSION = YES;
				CLANG_WARN_OBJC_ROOT_CLASS = YES_ERROR;
				CLANG_WARN_QUOTED_INCLUDE_IN_FRAMEWORK_HEADER = YES;
				CLANG_WARN_RANGE_LOOP_ANALYSIS = YES;
				CLANG_WARN_STRICT_PROTOTYPES = YES;
				CLANG_WARN_SUSPICIOUS_MOVE = YES;
				CLANG_WARN_UNGUARDED_AVAILABILITY = YES_AGGRESSIVE;
				CLANG_WARN_UNREACHABLE_CODE = YES;
				CLANG_WARN__DUPLICATE_METHOD_MATCH = YES;
				COPY_PHASE_STRIP = NO;
				DEBUG_INFORMATION_FORMAT = "dwarf-with-dsym";
				ENABLE_NS_ASSERTIONS = NO;
				ENABLE_STRICT_OBJC_MSGSEND = YES;
				GCC_C_LANGUAGE_STANDARD = gnu11;
				GCC_NO_COMMON_BLOCKS = YES;
				GCC_WARN_64_TO_32_BIT_CONVERSION = YES;
				GCC_WARN_ABOUT_RETURN_TYPE = YES_ERROR;
				GCC_WARN_UNDECLARED_SELECTOR = YES;
				GCC_WARN_UNINITIALIZED_AUTOS = YES_AGGRESSIVE;
				GCC_WARN_UNUSED_FUNCTION = YES;
				GCC_WARN_UNUSED_VARIABLE = YES;
				IPHONEOS_DEPLOYMENT_TARGET = 14.3;
				MTL_ENABLE_DEBUG_INFO = NO;
				MTL_FAST_MATH = YES;
				SDKROOT = iphoneos;
				SWIFT_COMPILATION_MODE = wholemodule;
				SWIFT_OPTIMIZATION_LEVEL = "-O";
				VALIDATE_PRODUCT = YES;
			};
			name = Release;
		};
		87C76899258BEE3500B96333 /* Debug */ = {
			isa = XCBuildConfiguration;
			buildSettings = {
				ASSETCATALOG_COMPILER_APPICON_NAME = AppIcon;
				ASSETCATALOG_COMPILER_GLOBAL_ACCENT_COLOR_NAME = AccentColor;
				CODE_SIGN_STYLE = Automatic;
				DEVELOPMENT_TEAM = JC6AT8Q44G;
				INFOPLIST_FILE = Rocket/Info.plist;
				LD_RUNPATH_SEARCH_PATHS = (
					"$(inherited)",
					"@executable_path/Frameworks",
				);
				PRODUCT_BUNDLE_IDENTIFIER = com.exemple.Rocket;
				PRODUCT_NAME = "$(TARGET_NAME)";
				SWIFT_VERSION = 5.0;
				TARGETED_DEVICE_FAMILY = "1,2";
			};
			name = Debug;
		};
		87C7689A258BEE3500B96333 /* Release */ = {
			isa = XCBuildConfiguration;
			buildSettings = {
				ASSETCATALOG_COMPILER_APPICON_NAME = AppIcon;
				ASSETCATALOG_COMPILER_GLOBAL_ACCENT_COLOR_NAME = AccentColor;
				CODE_SIGN_STYLE = Automatic;
				DEVELOPMENT_TEAM = JC6AT8Q44G;
				INFOPLIST_FILE = Rocket/Info.plist;
				LD_RUNPATH_SEARCH_PATHS = (
					"$(inherited)",
					"@executable_path/Frameworks",
				);
				PRODUCT_BUNDLE_IDENTIFIER = com.exemple.Rocket;
				PRODUCT_NAME = "$(TARGET_NAME)";
				SWIFT_VERSION = 5.0;
				TARGETED_DEVICE_FAMILY = "1,2";
			};
			name = Release;
		};
		87C7689C258BEE3500B96333 /* Debug */ = {
			isa = XCBuildConfiguration;
			buildSettings = {
				ALWAYS_EMBED_SWIFT_STANDARD_LIBRARIES = YES;
				BUNDLE_LOADER = "$(TEST_HOST)";
				CODE_SIGN_STYLE = Automatic;
				DEVELOPMENT_TEAM = JC6AT8Q44G;
				INFOPLIST_FILE = RocketTests/Info.plist;
				IPHONEOS_DEPLOYMENT_TARGET = 14.3;
				LD_RUNPATH_SEARCH_PATHS = (
					"$(inherited)",
					"@executable_path/Frameworks",
					"@loader_path/Frameworks",
				);
				PRODUCT_BUNDLE_IDENTIFIER = com.exemple.RocketTests;
				PRODUCT_NAME = "$(TARGET_NAME)";
				SWIFT_VERSION = 5.0;
				TARGETED_DEVICE_FAMILY = "1,2";
				TEST_HOST = "$(BUILT_PRODUCTS_DIR)/Rocket.app/Rocket";
			};
			name = Debug;
		};
		87C7689D258BEE3500B96333 /* Release */ = {
			isa = XCBuildConfiguration;
			buildSettings = {
				ALWAYS_EMBED_SWIFT_STANDARD_LIBRARIES = YES;
				BUNDLE_LOADER = "$(TEST_HOST)";
				CODE_SIGN_STYLE = Automatic;
				DEVELOPMENT_TEAM = JC6AT8Q44G;
				INFOPLIST_FILE = RocketTests/Info.plist;
				IPHONEOS_DEPLOYMENT_TARGET = 14.3;
				LD_RUNPATH_SEARCH_PATHS = (
					"$(inherited)",
					"@executable_path/Frameworks",
					"@loader_path/Frameworks",
				);
				PRODUCT_BUNDLE_IDENTIFIER = com.exemple.RocketTests;
				PRODUCT_NAME = "$(TARGET_NAME)";
				SWIFT_VERSION = 5.0;
				TARGETED_DEVICE_FAMILY = "1,2";
				TEST_HOST = "$(BUILT_PRODUCTS_DIR)/Rocket.app/Rocket";
			};
			name = Release;
		};
		87C7689F258BEE3500B96333 /* Debug */ = {
			isa = XCBuildConfiguration;
			buildSettings = {
				ALWAYS_EMBED_SWIFT_STANDARD_LIBRARIES = YES;
				CODE_SIGN_STYLE = Automatic;
				DEVELOPMENT_TEAM = JC6AT8Q44G;
				INFOPLIST_FILE = RocketUITests/Info.plist;
				LD_RUNPATH_SEARCH_PATHS = (
					"$(inherited)",
					"@executable_path/Frameworks",
					"@loader_path/Frameworks",
				);
				PRODUCT_BUNDLE_IDENTIFIER = com.exemple.RocketUITests;
				PRODUCT_NAME = "$(TARGET_NAME)";
				SWIFT_VERSION = 5.0;
				TARGETED_DEVICE_FAMILY = "1,2";
				TEST_TARGET_NAME = Rocket;
			};
			name = Debug;
		};
		87C768A0258BEE3500B96333 /* Release */ = {
			isa = XCBuildConfiguration;
			buildSettings = {
				ALWAYS_EMBED_SWIFT_STANDARD_LIBRARIES = YES;
				CODE_SIGN_STYLE = Automatic;
				DEVELOPMENT_TEAM = JC6AT8Q44G;
				INFOPLIST_FILE = RocketUITests/Info.plist;
				LD_RUNPATH_SEARCH_PATHS = (
					"$(inherited)",
					"@executable_path/Frameworks",
					"@loader_path/Frameworks",
				);
				PRODUCT_BUNDLE_IDENTIFIER = com.exemple.RocketUITests;
				PRODUCT_NAME = "$(TARGET_NAME)";
				SWIFT_VERSION = 5.0;
				TARGETED_DEVICE_FAMILY = "1,2";
				TEST_TARGET_NAME = Rocket;
			};
			name = Release;
		};
/* End XCBuildConfiguration section */

/* Begin XCConfigurationList section */
		87C76869258BEE2E00B96333 /* Build configuration list for PBXProject "Rocket" */ = {
			isa = XCConfigurationList;
			buildConfigurations = (
				87C76896258BEE3500B96333 /* Debug */,
				87C76897258BEE3500B96333 /* Release */,
			);
			defaultConfigurationIsVisible = 0;
			defaultConfigurationName = Release;
		};
		87C76898258BEE3500B96333 /* Build configuration list for PBXNativeTarget "Rocket" */ = {
			isa = XCConfigurationList;
			buildConfigurations = (
				87C76899258BEE3500B96333 /* Debug */,
				87C7689A258BEE3500B96333 /* Release */,
			);
			defaultConfigurationIsVisible = 0;
			defaultConfigurationName = Release;
		};
		87C7689B258BEE3500B96333 /* Build configuration list for PBXNativeTarget "RocketTests" */ = {
			isa = XCConfigurationList;
			buildConfigurations = (
				87C7689C258BEE3500B96333 /* Debug */,
				87C7689D258BEE3500B96333 /* Release */,
			);
			defaultConfigurationIsVisible = 0;
			defaultConfigurationName = Release;
		};
		87C7689E258BEE3500B96333 /* Build configuration list for PBXNativeTarget "RocketUITests" */ = {
			isa = XCConfigurationList;
			buildConfigurations = (
				87C7689F258BEE3500B96333 /* Debug */,
				87C768A0258BEE3500B96333 /* Release */,
			);
			defaultConfigurationIsVisible = 0;
			defaultConfigurationName = Release;
		};
/* End XCConfigurationList section */
	};
	rootObject = 87C76866258BEE2E00B96333 /* Project object */;
}
